// !$*UTF8*$!
{
	archiveVersion = 1;
	classes = {
	};
	objectVersion = 51;
	objects = {

/* Begin PBXBuildFile section */
		35C239D224B29C1400391468 /* FriendsListViewController.swift in Sources */ = {isa = PBXBuildFile; fileRef = 35C239D124B29C1300391468 /* FriendsListViewController.swift */; };
		35C239D424B2A2F600391468 /* AddFriendsViewController.swift in Sources */ = {isa = PBXBuildFile; fileRef = 35C239D324B2A2F600391468 /* AddFriendsViewController.swift */; };
		35C239D824B2B6D700391468 /* UserTableViewCell.swift in Sources */ = {isa = PBXBuildFile; fileRef = 35C239D624B2B6D700391468 /* UserTableViewCell.swift */; };
		35C239D924B2B6D700391468 /* UserTableViewCell.xib in Resources */ = {isa = PBXBuildFile; fileRef = 35C239D724B2B6D700391468 /* UserTableViewCell.xib */; };
		4935AFE624AC1ACD007C4DCC /* TabBarViewController.swift in Sources */ = {isa = PBXBuildFile; fileRef = 4935AFE524AC1ACD007C4DCC /* TabBarViewController.swift */; };
		4935AFE824AC3EE4007C4DCC /* SettingsViewController.swift in Sources */ = {isa = PBXBuildFile; fileRef = 4935AFE724AC3EE4007C4DCC /* SettingsViewController.swift */; };
		49369F4B24AEAA2000396ABD /* ProfilePageViewController.swift in Sources */ = {isa = PBXBuildFile; fileRef = 49369F4A24AEAA2000396ABD /* ProfilePageViewController.swift */; };
		49369F4D24AEBB1F00396ABD /* Assets.xcassets in Resources */ = {isa = PBXBuildFile; fileRef = 49369F4C24AEBB1E00396ABD /* Assets.xcassets */; };
		49382F6D24B7D5B800EA597E /* CommentButton.swift in Sources */ = {isa = PBXBuildFile; fileRef = 49382F6C24B7D5B800EA597E /* CommentButton.swift */; };
		49382F6F24B8073300EA597E /* BlockedFriendsTableViewController.swift in Sources */ = {isa = PBXBuildFile; fileRef = 49382F6E24B8073300EA597E /* BlockedFriendsTableViewController.swift */; };
		493FD47B24ABE909007DF669 /* HomeViewController.swift in Sources */ = {isa = PBXBuildFile; fileRef = 493FD47A24ABE909007DF669 /* HomeViewController.swift */; };
		493FD47D24ABEA67007DF669 /* HomeUserTableViewCell.swift in Sources */ = {isa = PBXBuildFile; fileRef = 493FD47C24ABEA67007DF669 /* HomeUserTableViewCell.swift */; };
		4942262624B516C50097C133 /* NewPostTableViewController.swift in Sources */ = {isa = PBXBuildFile; fileRef = 4942262524B516C50097C133 /* NewPostTableViewController.swift */; };
		4942262824B5188C0097C133 /* NewPostTableViewCell.swift in Sources */ = {isa = PBXBuildFile; fileRef = 4942262724B5188C0097C133 /* NewPostTableViewCell.swift */; };
		4943AEC024B1407C00B566F6 /* UserProfileTableViewCell.swift in Sources */ = {isa = PBXBuildFile; fileRef = 4943AEBF24B1407C00B566F6 /* UserProfileTableViewCell.swift */; };
		4943AEC224B1416300B566F6 /* UserProfileFriendsListTableViewCell.swift in Sources */ = {isa = PBXBuildFile; fileRef = 4943AEC124B1416300B566F6 /* UserProfileFriendsListTableViewCell.swift */; };
		4943AEC424B1419C00B566F6 /* FriendTableViewCell.swift in Sources */ = {isa = PBXBuildFile; fileRef = 4943AEC324B1419C00B566F6 /* FriendTableViewCell.swift */; };
		4947CB7D24B24505005ACAB1 /* PostTableViewCell.swift in Sources */ = {isa = PBXBuildFile; fileRef = 4947CB7C24B24505005ACAB1 /* PostTableViewCell.swift */; };
		49DE369824B2574100630AFE /* CommentTableViewCell.swift in Sources */ = {isa = PBXBuildFile; fileRef = 49DE369724B2574100630AFE /* CommentTableViewCell.swift */; };
		49DE369A24B25F9D00630AFE /* CommentsViewController.swift in Sources */ = {isa = PBXBuildFile; fileRef = 49DE369924B25F9D00630AFE /* CommentsViewController.swift */; };
		49DE369C24B2609A00630AFE /* NewCommentTableViewCell.swift in Sources */ = {isa = PBXBuildFile; fileRef = 49DE369B24B2609A00630AFE /* NewCommentTableViewCell.swift */; };
		49DE369E24B2A08600630AFE /* NewPostViewController.swift in Sources */ = {isa = PBXBuildFile; fileRef = 49DE369D24B2A08600630AFE /* NewPostViewController.swift */; };
		49DE36A024B2A34700630AFE /* CommentsTableViewController.swift in Sources */ = {isa = PBXBuildFile; fileRef = 49DE369F24B2A34700630AFE /* CommentsTableViewController.swift */; };
		49DE36A224B2A51800630AFE /* User.swift in Sources */ = {isa = PBXBuildFile; fileRef = 49DE36A124B2A51800630AFE /* User.swift */; };
		87A2834824A81E0F005D5725 /* AppDelegate.swift in Sources */ = {isa = PBXBuildFile; fileRef = 87A2834724A81E0F005D5725 /* AppDelegate.swift */; };
		87A2834A24A81E0F005D5725 /* SceneDelegate.swift in Sources */ = {isa = PBXBuildFile; fileRef = 87A2834924A81E0F005D5725 /* SceneDelegate.swift */; };
		87A2834C24A81E0F005D5725 /* ViewController.swift in Sources */ = {isa = PBXBuildFile; fileRef = 87A2834B24A81E0F005D5725 /* ViewController.swift */; };
		87A2834F24A81E0F005D5725 /* Main.storyboard in Resources */ = {isa = PBXBuildFile; fileRef = 87A2834D24A81E0F005D5725 /* Main.storyboard */; };
		87A2835224A81E0F005D5725 /* Friends.xcdatamodeld in Sources */ = {isa = PBXBuildFile; fileRef = 87A2835024A81E0F005D5725 /* Friends.xcdatamodeld */; };
		87A2835724A81E12005D5725 /* LaunchScreen.storyboard in Resources */ = {isa = PBXBuildFile; fileRef = 87A2835524A81E12005D5725 /* LaunchScreen.storyboard */; };
		87A2835F24A8374E005D5725 /* GoogleService-Info.plist in Resources */ = {isa = PBXBuildFile; fileRef = 87A2835E24A8374E005D5725 /* GoogleService-Info.plist */; };
		87FCF53124B58137007AE2F3 /* PrivacyProtectionViewController.swift in Sources */ = {isa = PBXBuildFile; fileRef = 87FCF53024B58137007AE2F3 /* PrivacyProtectionViewController.swift */; };
		87FCF55324B7F294007AE2F3 /* ChangePasswordViewController.swift in Sources */ = {isa = PBXBuildFile; fileRef = 87FCF55224B7F294007AE2F3 /* ChangePasswordViewController.swift */; };
		9416EC5FD33B9CD285A57241 /* Pods_Friends.framework in Frameworks */ = {isa = PBXBuildFile; fileRef = 1CEFAB696A766BBDEBE89FA2 /* Pods_Friends.framework */; };
/* End PBXBuildFile section */

/* Begin PBXFileReference section */
		1CEFAB696A766BBDEBE89FA2 /* Pods_Friends.framework */ = {isa = PBXFileReference; explicitFileType = wrapper.framework; includeInIndex = 0; path = Pods_Friends.framework; sourceTree = BUILT_PRODUCTS_DIR; };
		35C239D124B29C1300391468 /* FriendsListViewController.swift */ = {isa = PBXFileReference; lastKnownFileType = sourcecode.swift; path = FriendsListViewController.swift; sourceTree = "<group>"; };
		35C239D324B2A2F600391468 /* AddFriendsViewController.swift */ = {isa = PBXFileReference; lastKnownFileType = sourcecode.swift; path = AddFriendsViewController.swift; sourceTree = "<group>"; };
		35C239D624B2B6D700391468 /* UserTableViewCell.swift */ = {isa = PBXFileReference; lastKnownFileType = sourcecode.swift; path = UserTableViewCell.swift; sourceTree = "<group>"; };
		35C239D724B2B6D700391468 /* UserTableViewCell.xib */ = {isa = PBXFileReference; lastKnownFileType = file.xib; path = UserTableViewCell.xib; sourceTree = "<group>"; };
		4935AFE524AC1ACD007C4DCC /* TabBarViewController.swift */ = {isa = PBXFileReference; lastKnownFileType = sourcecode.swift; path = TabBarViewController.swift; sourceTree = "<group>"; };
		4935AFE724AC3EE4007C4DCC /* SettingsViewController.swift */ = {isa = PBXFileReference; lastKnownFileType = sourcecode.swift; path = SettingsViewController.swift; sourceTree = "<group>"; };
		49369F4A24AEAA2000396ABD /* ProfilePageViewController.swift */ = {isa = PBXFileReference; lastKnownFileType = sourcecode.swift; path = ProfilePageViewController.swift; sourceTree = "<group>"; };
		49369F4C24AEBB1E00396ABD /* Assets.xcassets */ = {isa = PBXFileReference; lastKnownFileType = folder.assetcatalog; path = Assets.xcassets; sourceTree = "<group>"; };
		49382F6C24B7D5B800EA597E /* CommentButton.swift */ = {isa = PBXFileReference; lastKnownFileType = sourcecode.swift; path = CommentButton.swift; sourceTree = "<group>"; };
		49382F6E24B8073300EA597E /* BlockedFriendsTableViewController.swift */ = {isa = PBXFileReference; lastKnownFileType = sourcecode.swift; path = BlockedFriendsTableViewController.swift; sourceTree = "<group>"; };
		493FD47A24ABE909007DF669 /* HomeViewController.swift */ = {isa = PBXFileReference; lastKnownFileType = sourcecode.swift; path = HomeViewController.swift; sourceTree = "<group>"; };
		493FD47C24ABEA67007DF669 /* HomeUserTableViewCell.swift */ = {isa = PBXFileReference; lastKnownFileType = sourcecode.swift; path = HomeUserTableViewCell.swift; sourceTree = "<group>"; };
		4942262524B516C50097C133 /* NewPostTableViewController.swift */ = {isa = PBXFileReference; lastKnownFileType = sourcecode.swift; path = NewPostTableViewController.swift; sourceTree = "<group>"; };
		4942262724B5188C0097C133 /* NewPostTableViewCell.swift */ = {isa = PBXFileReference; lastKnownFileType = sourcecode.swift; path = NewPostTableViewCell.swift; sourceTree = "<group>"; };
		4943AEBF24B1407C00B566F6 /* UserProfileTableViewCell.swift */ = {isa = PBXFileReference; lastKnownFileType = sourcecode.swift; path = UserProfileTableViewCell.swift; sourceTree = "<group>"; };
		4943AEC124B1416300B566F6 /* UserProfileFriendsListTableViewCell.swift */ = {isa = PBXFileReference; lastKnownFileType = sourcecode.swift; path = UserProfileFriendsListTableViewCell.swift; sourceTree = "<group>"; };
		4943AEC324B1419C00B566F6 /* FriendTableViewCell.swift */ = {isa = PBXFileReference; lastKnownFileType = sourcecode.swift; path = FriendTableViewCell.swift; sourceTree = "<group>"; };
		4947CB7C24B24505005ACAB1 /* PostTableViewCell.swift */ = {isa = PBXFileReference; lastKnownFileType = sourcecode.swift; path = PostTableViewCell.swift; sourceTree = "<group>"; };
		49DE369724B2574100630AFE /* CommentTableViewCell.swift */ = {isa = PBXFileReference; lastKnownFileType = sourcecode.swift; path = CommentTableViewCell.swift; sourceTree = "<group>"; };
		49DE369924B25F9D00630AFE /* CommentsViewController.swift */ = {isa = PBXFileReference; lastKnownFileType = sourcecode.swift; path = CommentsViewController.swift; sourceTree = "<group>"; };
		49DE369B24B2609A00630AFE /* NewCommentTableViewCell.swift */ = {isa = PBXFileReference; lastKnownFileType = sourcecode.swift; path = NewCommentTableViewCell.swift; sourceTree = "<group>"; };
		49DE369D24B2A08600630AFE /* NewPostViewController.swift */ = {isa = PBXFileReference; lastKnownFileType = sourcecode.swift; path = NewPostViewController.swift; sourceTree = "<group>"; };
		49DE369F24B2A34700630AFE /* CommentsTableViewController.swift */ = {isa = PBXFileReference; lastKnownFileType = sourcecode.swift; path = CommentsTableViewController.swift; sourceTree = "<group>"; };
		49DE36A124B2A51800630AFE /* User.swift */ = {isa = PBXFileReference; lastKnownFileType = sourcecode.swift; path = User.swift; sourceTree = "<group>"; };
		5A07561408F2B1981B8057D7 /* Pods-Friends.release.xcconfig */ = {isa = PBXFileReference; includeInIndex = 1; lastKnownFileType = text.xcconfig; name = "Pods-Friends.release.xcconfig"; path = "Target Support Files/Pods-Friends/Pods-Friends.release.xcconfig"; sourceTree = "<group>"; };
		87A2834424A81E0F005D5725 /* Friends.app */ = {isa = PBXFileReference; explicitFileType = wrapper.application; includeInIndex = 0; path = Friends.app; sourceTree = BUILT_PRODUCTS_DIR; };
		87A2834724A81E0F005D5725 /* AppDelegate.swift */ = {isa = PBXFileReference; lastKnownFileType = sourcecode.swift; path = AppDelegate.swift; sourceTree = "<group>"; };
		87A2834924A81E0F005D5725 /* SceneDelegate.swift */ = {isa = PBXFileReference; lastKnownFileType = sourcecode.swift; path = SceneDelegate.swift; sourceTree = "<group>"; };
		87A2834B24A81E0F005D5725 /* ViewController.swift */ = {isa = PBXFileReference; lastKnownFileType = sourcecode.swift; path = ViewController.swift; sourceTree = "<group>"; };
		87A2834E24A81E0F005D5725 /* Base */ = {isa = PBXFileReference; lastKnownFileType = file.storyboard; name = Base; path = Base.lproj/Main.storyboard; sourceTree = "<group>"; };
		87A2835124A81E0F005D5725 /* Friends.xcdatamodel */ = {isa = PBXFileReference; lastKnownFileType = wrapper.xcdatamodel; path = Friends.xcdatamodel; sourceTree = "<group>"; };
		87A2835624A81E12005D5725 /* Base */ = {isa = PBXFileReference; lastKnownFileType = file.storyboard; name = Base; path = Base.lproj/LaunchScreen.storyboard; sourceTree = "<group>"; };
		87A2835824A81E12005D5725 /* Info.plist */ = {isa = PBXFileReference; lastKnownFileType = text.plist.xml; path = Info.plist; sourceTree = "<group>"; };
		87A2835E24A8374E005D5725 /* GoogleService-Info.plist */ = {isa = PBXFileReference; fileEncoding = 4; lastKnownFileType = text.plist.xml; path = "GoogleService-Info.plist"; sourceTree = "<group>"; };
		87FCF53024B58137007AE2F3 /* PrivacyProtectionViewController.swift */ = {isa = PBXFileReference; lastKnownFileType = sourcecode.swift; path = PrivacyProtectionViewController.swift; sourceTree = "<group>"; };
		87FCF55224B7F294007AE2F3 /* ChangePasswordViewController.swift */ = {isa = PBXFileReference; lastKnownFileType = sourcecode.swift; path = ChangePasswordViewController.swift; sourceTree = "<group>"; };
		CADF12B6681A71C4E394245B /* Pods-Friends.debug.xcconfig */ = {isa = PBXFileReference; includeInIndex = 1; lastKnownFileType = text.xcconfig; name = "Pods-Friends.debug.xcconfig"; path = "Target Support Files/Pods-Friends/Pods-Friends.debug.xcconfig"; sourceTree = "<group>"; };
/* End PBXFileReference section */

/* Begin PBXFrameworksBuildPhase section */
		87A2834124A81E0F005D5725 /* Frameworks */ = {
			isa = PBXFrameworksBuildPhase;
			buildActionMask = 2147483647;
			files = (
				9416EC5FD33B9CD285A57241 /* Pods_Friends.framework in Frameworks */,
			);
			runOnlyForDeploymentPostprocessing = 0;
		};
/* End PBXFrameworksBuildPhase section */

/* Begin PBXGroup section */
		35C239D524B2B64600391468 /* TableViewCell */ = {
			isa = PBXGroup;
			children = (
				35C239D624B2B6D700391468 /* UserTableViewCell.swift */,
				35C239D724B2B6D700391468 /* UserTableViewCell.xib */,
			);
			path = TableViewCell;
			sourceTree = "<group>";
		};
		40E112E57C9A3B998231B05F /* Pods */ = {
			isa = PBXGroup;
			children = (
				CADF12B6681A71C4E394245B /* Pods-Friends.debug.xcconfig */,
				5A07561408F2B1981B8057D7 /* Pods-Friends.release.xcconfig */,
			);
			path = Pods;
			sourceTree = "<group>";
		};
		850E44A8CBB5545BF9943E69 /* Frameworks */ = {
			isa = PBXGroup;
			children = (
				1CEFAB696A766BBDEBE89FA2 /* Pods_Friends.framework */,
			);
			name = Frameworks;
			sourceTree = "<group>";
		};
		87A2833B24A81E0F005D5725 = {
			isa = PBXGroup;
			children = (
				87A2834624A81E0F005D5725 /* Friends */,
				87A2834524A81E0F005D5725 /* Products */,
				40E112E57C9A3B998231B05F /* Pods */,
				850E44A8CBB5545BF9943E69 /* Frameworks */,
			);
			sourceTree = "<group>";
		};
		87A2834524A81E0F005D5725 /* Products */ = {
			isa = PBXGroup;
			children = (
				87A2834424A81E0F005D5725 /* Friends.app */,
			);
			name = Products;
			sourceTree = "<group>";
		};
		87A2834624A81E0F005D5725 /* Friends */ = {
			isa = PBXGroup;
			children = (
				35C239D524B2B64600391468 /* TableViewCell */,
				87A2834724A81E0F005D5725 /* AppDelegate.swift */,
				87A2834924A81E0F005D5725 /* SceneDelegate.swift */,
				87A2834B24A81E0F005D5725 /* ViewController.swift */,
				87A2834D24A81E0F005D5725 /* Main.storyboard */,
				49382F6E24B8073300EA597E /* BlockedFriendsTableViewController.swift */,
				87FCF55224B7F294007AE2F3 /* ChangePasswordViewController.swift */,
				49382F6C24B7D5B800EA597E /* CommentButton.swift */,
				4942262724B5188C0097C133 /* NewPostTableViewCell.swift */,
				87FCF53024B58137007AE2F3 /* PrivacyProtectionViewController.swift */,
				49DE369D24B2A08600630AFE /* NewPostViewController.swift */,
				4942262524B516C50097C133 /* NewPostTableViewController.swift */,
				49DE369924B25F9D00630AFE /* CommentsViewController.swift */,
				49DE369724B2574100630AFE /* CommentTableViewCell.swift */,
				4943AEC124B1416300B566F6 /* UserProfileFriendsListTableViewCell.swift */,
				4943AEC324B1419C00B566F6 /* FriendTableViewCell.swift */,
				4943AEBF24B1407C00B566F6 /* UserProfileTableViewCell.swift */,
				87A2835524A81E12005D5725 /* LaunchScreen.storyboard */,
				87A2835824A81E12005D5725 /* Info.plist */,
				49369F4C24AEBB1E00396ABD /* Assets.xcassets */,
				87A2835024A81E0F005D5725 /* Friends.xcdatamodeld */,
				87A2835E24A8374E005D5725 /* GoogleService-Info.plist */,
				493FD47A24ABE909007DF669 /* HomeViewController.swift */,
				493FD47C24ABEA67007DF669 /* HomeUserTableViewCell.swift */,
				4935AFE524AC1ACD007C4DCC /* TabBarViewController.swift */,
				4935AFE724AC3EE4007C4DCC /* SettingsViewController.swift */,
				49369F4A24AEAA2000396ABD /* ProfilePageViewController.swift */,
				4947CB7C24B24505005ACAB1 /* PostTableViewCell.swift */,
				49DE369B24B2609A00630AFE /* NewCommentTableViewCell.swift */,
				49DE369F24B2A34700630AFE /* CommentsTableViewController.swift */,
				49DE36A124B2A51800630AFE /* User.swift */,
				35C239D124B29C1300391468 /* FriendsListViewController.swift */,
				35C239D324B2A2F600391468 /* AddFriendsViewController.swift */,
			);
			path = Friends;
			sourceTree = "<group>";
		};
/* End PBXGroup section */

/* Begin PBXNativeTarget section */
		87A2834324A81E0F005D5725 /* Friends */ = {
			isa = PBXNativeTarget;
			buildConfigurationList = 87A2835B24A81E12005D5725 /* Build configuration list for PBXNativeTarget "Friends" */;
			buildPhases = (
				A02FB3CAEDE818332CA3D171 /* [CP] Check Pods Manifest.lock */,
				87A2834024A81E0F005D5725 /* Sources */,
				87A2834124A81E0F005D5725 /* Frameworks */,
				87A2834224A81E0F005D5725 /* Resources */,
				21A860CE2ADC2C749CEC244C /* [CP] Embed Pods Frameworks */,
			);
			buildRules = (
			);
			dependencies = (
			);
			name = Friends;
			productName = Friends;
			productReference = 87A2834424A81E0F005D5725 /* Friends.app */;
			productType = "com.apple.product-type.application";
		};
/* End PBXNativeTarget section */

/* Begin PBXProject section */
		87A2833C24A81E0F005D5725 /* Project object */ = {
			isa = PBXProject;
			attributes = {
				LastSwiftUpdateCheck = 1150;
				LastUpgradeCheck = 1150;
				ORGANIZATIONNAME = "Rodrigo Velasco";
				TargetAttributes = {
					87A2834324A81E0F005D5725 = {
						CreatedOnToolsVersion = 11.5;
					};
				};
			};
			buildConfigurationList = 87A2833F24A81E0F005D5725 /* Build configuration list for PBXProject "Friends" */;
			compatibilityVersion = "Xcode 9.3";
			developmentRegion = en;
			hasScannedForEncodings = 0;
			knownRegions = (
				en,
				Base,
			);
			mainGroup = 87A2833B24A81E0F005D5725;
			productRefGroup = 87A2834524A81E0F005D5725 /* Products */;
			projectDirPath = "";
			projectRoot = "";
			targets = (
				87A2834324A81E0F005D5725 /* Friends */,
			);
		};
/* End PBXProject section */

/* Begin PBXResourcesBuildPhase section */
		87A2834224A81E0F005D5725 /* Resources */ = {
			isa = PBXResourcesBuildPhase;
			buildActionMask = 2147483647;
			files = (
				87A2835724A81E12005D5725 /* LaunchScreen.storyboard in Resources */,
				87A2835F24A8374E005D5725 /* GoogleService-Info.plist in Resources */,
				49369F4D24AEBB1F00396ABD /* Assets.xcassets in Resources */,
				87A2834F24A81E0F005D5725 /* Main.storyboard in Resources */,
				35C239D924B2B6D700391468 /* UserTableViewCell.xib in Resources */,
			);
			runOnlyForDeploymentPostprocessing = 0;
		};
/* End PBXResourcesBuildPhase section */

/* Begin PBXShellScriptBuildPhase section */
		21A860CE2ADC2C749CEC244C /* [CP] Embed Pods Frameworks */ = {
			isa = PBXShellScriptBuildPhase;
			buildActionMask = 2147483647;
			files = (
			);
			inputFileListPaths = (
				"${PODS_ROOT}/Target Support Files/Pods-Friends/Pods-Friends-frameworks-${CONFIGURATION}-input-files.xcfilelist",
			);
			name = "[CP] Embed Pods Frameworks";
			outputFileListPaths = (
				"${PODS_ROOT}/Target Support Files/Pods-Friends/Pods-Friends-frameworks-${CONFIGURATION}-output-files.xcfilelist",
			);
			runOnlyForDeploymentPostprocessing = 0;
			shellPath = /bin/sh;
			shellScript = "\"${PODS_ROOT}/Target Support Files/Pods-Friends/Pods-Friends-frameworks.sh\"\n";
			showEnvVarsInLog = 0;
		};
		A02FB3CAEDE818332CA3D171 /* [CP] Check Pods Manifest.lock */ = {
			isa = PBXShellScriptBuildPhase;
			buildActionMask = 2147483647;
			files = (
			);
			inputFileListPaths = (
			);
			inputPaths = (
				"${PODS_PODFILE_DIR_PATH}/Podfile.lock",
				"${PODS_ROOT}/Manifest.lock",
			);
			name = "[CP] Check Pods Manifest.lock";
			outputFileListPaths = (
			);
			outputPaths = (
				"$(DERIVED_FILE_DIR)/Pods-Friends-checkManifestLockResult.txt",
			);
			runOnlyForDeploymentPostprocessing = 0;
			shellPath = /bin/sh;
			shellScript = "diff \"${PODS_PODFILE_DIR_PATH}/Podfile.lock\" \"${PODS_ROOT}/Manifest.lock\" > /dev/null\nif [ $? != 0 ] ; then\n    # print error to STDERR\n    echo \"error: The sandbox is not in sync with the Podfile.lock. Run 'pod install' or update your CocoaPods installation.\" >&2\n    exit 1\nfi\n# This output is used by Xcode 'outputs' to avoid re-running this script phase.\necho \"SUCCESS\" > \"${SCRIPT_OUTPUT_FILE_0}\"\n";
			showEnvVarsInLog = 0;
		};
/* End PBXShellScriptBuildPhase section */

/* Begin PBXSourcesBuildPhase section */
		87A2834024A81E0F005D5725 /* Sources */ = {
			isa = PBXSourcesBuildPhase;
			buildActionMask = 2147483647;
			files = (
				4942262824B5188C0097C133 /* NewPostTableViewCell.swift in Sources */,
				493FD47B24ABE909007DF669 /* HomeViewController.swift in Sources */,
				87A2834C24A81E0F005D5725 /* ViewController.swift in Sources */,
				4947CB7D24B24505005ACAB1 /* PostTableViewCell.swift in Sources */,
				87A2834824A81E0F005D5725 /* AppDelegate.swift in Sources */,
				4943AEC424B1419C00B566F6 /* FriendTableViewCell.swift in Sources */,
				35C239D224B29C1400391468 /* FriendsListViewController.swift in Sources */,
				35C239D424B2A2F600391468 /* AddFriendsViewController.swift in Sources */,
				87A2834A24A81E0F005D5725 /* SceneDelegate.swift in Sources */,
				87FCF53124B58137007AE2F3 /* PrivacyProtectionViewController.swift in Sources */,
				4943AEC024B1407C00B566F6 /* UserProfileTableViewCell.swift in Sources */,
				49369F4B24AEAA2000396ABD /* ProfilePageViewController.swift in Sources */,
				87FCF55324B7F294007AE2F3 /* ChangePasswordViewController.swift in Sources */,
				49DE369C24B2609A00630AFE /* NewCommentTableViewCell.swift in Sources */,
				49DE369A24B25F9D00630AFE /* CommentsViewController.swift in Sources */,
				35C239D824B2B6D700391468 /* UserTableViewCell.swift in Sources */,
				4943AEC224B1416300B566F6 /* UserProfileFriendsListTableViewCell.swift in Sources */,
				4935AFE624AC1ACD007C4DCC /* TabBarViewController.swift in Sources */,
				87A2835224A81E0F005D5725 /* Friends.xcdatamodeld in Sources */,
				49DE369824B2574100630AFE /* CommentTableViewCell.swift in Sources */,
				493FD47D24ABEA67007DF669 /* HomeUserTableViewCell.swift in Sources */,
				4935AFE824AC3EE4007C4DCC /* SettingsViewController.swift in Sources */,
				49382F6D24B7D5B800EA597E /* CommentButton.swift in Sources */,
				49DE369E24B2A08600630AFE /* NewPostViewController.swift in Sources */,
				49382F6F24B8073300EA597E /* BlockedFriendsTableViewController.swift in Sources */,
				4942262624B516C50097C133 /* NewPostTableViewController.swift in Sources */,
				49DE36A024B2A34700630AFE /* CommentsTableViewController.swift in Sources */,
				49DE36A224B2A51800630AFE /* User.swift in Sources */,
			);
			runOnlyForDeploymentPostprocessing = 0;
		};
/* End PBXSourcesBuildPhase section */

/* Begin PBXVariantGroup section */
		87A2834D24A81E0F005D5725 /* Main.storyboard */ = {
			isa = PBXVariantGroup;
			children = (
				87A2834E24A81E0F005D5725 /* Base */,
			);
			name = Main.storyboard;
			sourceTree = "<group>";
		};
		87A2835524A81E12005D5725 /* LaunchScreen.storyboard */ = {
			isa = PBXVariantGroup;
			children = (
				87A2835624A81E12005D5725 /* Base */,
			);
			name = LaunchScreen.storyboard;
			sourceTree = "<group>";
		};
/* End PBXVariantGroup section */

/* Begin XCBuildConfiguration section */
		87A2835924A81E12005D5725 /* Debug */ = {
			isa = XCBuildConfiguration;
			buildSettings = {
				ALWAYS_SEARCH_USER_PATHS = NO;
				CLANG_ANALYZER_NONNULL = YES;
				CLANG_ANALYZER_NUMBER_OBJECT_CONVERSION = YES_AGGRESSIVE;
				CLANG_CXX_LANGUAGE_STANDARD = "gnu++14";
				CLANG_CXX_LIBRARY = "libc++";
				CLANG_ENABLE_MODULES = YES;
				CLANG_ENABLE_OBJC_ARC = YES;
				CLANG_ENABLE_OBJC_WEAK = YES;
				CLANG_WARN_BLOCK_CAPTURE_AUTORELEASING = YES;
				CLANG_WARN_BOOL_CONVERSION = YES;
				CLANG_WARN_COMMA = YES;
				CLANG_WARN_CONSTANT_CONVERSION = YES;
				CLANG_WARN_DEPRECATED_OBJC_IMPLEMENTATIONS = YES;
				CLANG_WARN_DIRECT_OBJC_ISA_USAGE = YES_ERROR;
				CLANG_WARN_DOCUMENTATION_COMMENTS = YES;
				CLANG_WARN_EMPTY_BODY = YES;
				CLANG_WARN_ENUM_CONVERSION = YES;
				CLANG_WARN_INFINITE_RECURSION = YES;
				CLANG_WARN_INT_CONVERSION = YES;
				CLANG_WARN_NON_LITERAL_NULL_CONVERSION = YES;
				CLANG_WARN_OBJC_IMPLICIT_RETAIN_SELF = YES;
				CLANG_WARN_OBJC_LITERAL_CONVERSION = YES;
				CLANG_WARN_OBJC_ROOT_CLASS = YES_ERROR;
				CLANG_WARN_RANGE_LOOP_ANALYSIS = YES;
				CLANG_WARN_STRICT_PROTOTYPES = YES;
				CLANG_WARN_SUSPICIOUS_MOVE = YES;
				CLANG_WARN_UNGUARDED_AVAILABILITY = YES_AGGRESSIVE;
				CLANG_WARN_UNREACHABLE_CODE = YES;
				CLANG_WARN__DUPLICATE_METHOD_MATCH = YES;
				COPY_PHASE_STRIP = NO;
				DEBUG_INFORMATION_FORMAT = dwarf;
				ENABLE_STRICT_OBJC_MSGSEND = YES;
				ENABLE_TESTABILITY = YES;
				GCC_C_LANGUAGE_STANDARD = gnu11;
				GCC_DYNAMIC_NO_PIC = NO;
				GCC_NO_COMMON_BLOCKS = YES;
				GCC_OPTIMIZATION_LEVEL = 0;
				GCC_PREPROCESSOR_DEFINITIONS = (
					"DEBUG=1",
					"$(inherited)",
				);
				GCC_WARN_64_TO_32_BIT_CONVERSION = YES;
				GCC_WARN_ABOUT_RETURN_TYPE = YES_ERROR;
				GCC_WARN_UNDECLARED_SELECTOR = YES;
				GCC_WARN_UNINITIALIZED_AUTOS = YES_AGGRESSIVE;
				GCC_WARN_UNUSED_FUNCTION = YES;
				GCC_WARN_UNUSED_VARIABLE = YES;
				IPHONEOS_DEPLOYMENT_TARGET = 13.5;
				MTL_ENABLE_DEBUG_INFO = INCLUDE_SOURCE;
				MTL_FAST_MATH = YES;
				ONLY_ACTIVE_ARCH = YES;
				SDKROOT = iphoneos;
				SWIFT_ACTIVE_COMPILATION_CONDITIONS = DEBUG;
				SWIFT_OPTIMIZATION_LEVEL = "-Onone";
			};
			name = Debug;
		};
		87A2835A24A81E12005D5725 /* Release */ = {
			isa = XCBuildConfiguration;
			buildSettings = {
				ALWAYS_SEARCH_USER_PATHS = NO;
				CLANG_ANALYZER_NONNULL = YES;
				CLANG_ANALYZER_NUMBER_OBJECT_CONVERSION = YES_AGGRESSIVE;
				CLANG_CXX_LANGUAGE_STANDARD = "gnu++14";
				CLANG_CXX_LIBRARY = "libc++";
				CLANG_ENABLE_MODULES = YES;
				CLANG_ENABLE_OBJC_ARC = YES;
				CLANG_ENABLE_OBJC_WEAK = YES;
				CLANG_WARN_BLOCK_CAPTURE_AUTORELEASING = YES;
				CLANG_WARN_BOOL_CONVERSION = YES;
				CLANG_WARN_COMMA = YES;
				CLANG_WARN_CONSTANT_CONVERSION = YES;
				CLANG_WARN_DEPRECATED_OBJC_IMPLEMENTATIONS = YES;
				CLANG_WARN_DIRECT_OBJC_ISA_USAGE = YES_ERROR;
				CLANG_WARN_DOCUMENTATION_COMMENTS = YES;
				CLANG_WARN_EMPTY_BODY = YES;
				CLANG_WARN_ENUM_CONVERSION = YES;
				CLANG_WARN_INFINITE_RECURSION = YES;
				CLANG_WARN_INT_CONVERSION = YES;
				CLANG_WARN_NON_LITERAL_NULL_CONVERSION = YES;
				CLANG_WARN_OBJC_IMPLICIT_RETAIN_SELF = YES;
				CLANG_WARN_OBJC_LITERAL_CONVERSION = YES;
				CLANG_WARN_OBJC_ROOT_CLASS = YES_ERROR;
				CLANG_WARN_RANGE_LOOP_ANALYSIS = YES;
				CLANG_WARN_STRICT_PROTOTYPES = YES;
				CLANG_WARN_SUSPICIOUS_MOVE = YES;
				CLANG_WARN_UNGUARDED_AVAILABILITY = YES_AGGRESSIVE;
				CLANG_WARN_UNREACHABLE_CODE = YES;
				CLANG_WARN__DUPLICATE_METHOD_MATCH = YES;
				COPY_PHASE_STRIP = NO;
				DEBUG_INFORMATION_FORMAT = "dwarf-with-dsym";
				ENABLE_NS_ASSERTIONS = NO;
				ENABLE_STRICT_OBJC_MSGSEND = YES;
				GCC_C_LANGUAGE_STANDARD = gnu11;
				GCC_NO_COMMON_BLOCKS = YES;
				GCC_WARN_64_TO_32_BIT_CONVERSION = YES;
				GCC_WARN_ABOUT_RETURN_TYPE = YES_ERROR;
				GCC_WARN_UNDECLARED_SELECTOR = YES;
				GCC_WARN_UNINITIALIZED_AUTOS = YES_AGGRESSIVE;
				GCC_WARN_UNUSED_FUNCTION = YES;
				GCC_WARN_UNUSED_VARIABLE = YES;
				IPHONEOS_DEPLOYMENT_TARGET = 13.5;
				MTL_ENABLE_DEBUG_INFO = NO;
				MTL_FAST_MATH = YES;
				SDKROOT = iphoneos;
				SWIFT_COMPILATION_MODE = wholemodule;
				SWIFT_OPTIMIZATION_LEVEL = "-O";
				VALIDATE_PRODUCT = YES;
			};
			name = Release;
		};
		87A2835C24A81E12005D5725 /* Debug */ = {
			isa = XCBuildConfiguration;
			baseConfigurationReference = CADF12B6681A71C4E394245B /* Pods-Friends.debug.xcconfig */;
			buildSettings = {
				ASSETCATALOG_COMPILER_APPICON_NAME = AppIcon;
				CODE_SIGN_STYLE = Automatic;
				DEVELOPMENT_TEAM = 5BYBL87WKN;
				INFOPLIST_FILE = Friends/Info.plist;
				LD_RUNPATH_SEARCH_PATHS = (
					"$(inherited)",
					"@executable_path/Frameworks",
				);
				PRODUCT_BUNDLE_IDENTIFIER = "Rodrigo-Velasco.Friends";
				PRODUCT_NAME = "$(TARGET_NAME)";
				SWIFT_VERSION = 5.0;
				TARGETED_DEVICE_FAMILY = "1,2";
			};
			name = Debug;
		};
		87A2835D24A81E12005D5725 /* Release */ = {
			isa = XCBuildConfiguration;
			baseConfigurationReference = 5A07561408F2B1981B8057D7 /* Pods-Friends.release.xcconfig */;
			buildSettings = {
				ASSETCATALOG_COMPILER_APPICON_NAME = AppIcon;
				CODE_SIGN_STYLE = Automatic;
				DEVELOPMENT_TEAM = 5BYBL87WKN;
				INFOPLIST_FILE = Friends/Info.plist;
				LD_RUNPATH_SEARCH_PATHS = (
					"$(inherited)",
					"@executable_path/Frameworks",
				);
				PRODUCT_BUNDLE_IDENTIFIER = "Rodrigo-Velasco.Friends";
				PRODUCT_NAME = "$(TARGET_NAME)";
				SWIFT_VERSION = 5.0;
				TARGETED_DEVICE_FAMILY = "1,2";
			};
			name = Release;
		};
/* End XCBuildConfiguration section */

/* Begin XCConfigurationList section */
		87A2833F24A81E0F005D5725 /* Build configuration list for PBXProject "Friends" */ = {
			isa = XCConfigurationList;
			buildConfigurations = (
				87A2835924A81E12005D5725 /* Debug */,
				87A2835A24A81E12005D5725 /* Release */,
			);
			defaultConfigurationIsVisible = 0;
			defaultConfigurationName = Release;
		};
		87A2835B24A81E12005D5725 /* Build configuration list for PBXNativeTarget "Friends" */ = {
			isa = XCConfigurationList;
			buildConfigurations = (
				87A2835C24A81E12005D5725 /* Debug */,
				87A2835D24A81E12005D5725 /* Release */,
			);
			defaultConfigurationIsVisible = 0;
			defaultConfigurationName = Release;
		};
/* End XCConfigurationList section */

/* Begin XCVersionGroup section */
		87A2835024A81E0F005D5725 /* Friends.xcdatamodeld */ = {
			isa = XCVersionGroup;
			children = (
				87A2835124A81E0F005D5725 /* Friends.xcdatamodel */,
			);
			currentVersion = 87A2835124A81E0F005D5725 /* Friends.xcdatamodel */;
			path = Friends.xcdatamodeld;
			sourceTree = "<group>";
			versionGroupType = wrapper.xcdatamodel;
		};
/* End XCVersionGroup section */
	};
	rootObject = 87A2833C24A81E0F005D5725 /* Project object */;
}
